# THIS IS AN AUTOGENERATED FILE. DO NOT EDIT THIS FILE DIRECTLY.
# yarn lockfile v1


"@fastify/accept-negotiator@^2.0.0":
  version "2.0.1"
  resolved "https://registry.yarnpkg.com/@fastify/accept-negotiator/-/accept-negotiator-2.0.1.tgz#77afd6254ba77f6c22c6f35c4fb0c1b6d005199b"
  integrity sha512-/c/TW2bO/v9JeEgoD/g1G5GxGeCF1Hafdf79WPmUlgYiBXummY0oX3VVq4yFkKKVBKDNlaDUYoab7g38RpPqCQ==

"@fastify/ajv-compiler@^4.0.0":
  version "4.0.2"
  resolved "https://registry.yarnpkg.com/@fastify/ajv-compiler/-/ajv-compiler-4.0.2.tgz#da05938cf852901bfb953738764f553b5449b80b"
  integrity sha512-Rkiu/8wIjpsf46Rr+Fitd3HRP+VsxUFDDeag0hs9L0ksfnwx2g7SPQQTFL0E8Qv+rfXzQOxBJnjUB9ITUDjfWQ==
  dependencies:
    ajv "^8.12.0"
    ajv-formats "^3.0.1"
    fast-uri "^3.0.0"

"@fastify/autoload@^6.0.3":
  version "6.0.3"
  resolved "https://registry.yarnpkg.com/@fastify/autoload/-/autoload-6.0.3.tgz#5c96169fae0fdf7d5d36f12e9e701d66c0fbc96b"
  integrity sha512-/wM2pmI7jP2fGah3YuP14i9vuaijpD4gQYLiyd+eD7gUxpA3B4R6/0QIXQS2eJaYD9aIX4ZFRzPmrZsaetfcWw==

"@fastify/cors@^10.0.2":
  version "10.0.2"
  resolved "https://registry.yarnpkg.com/@fastify/cors/-/cors-10.0.2.tgz#088df281ff847dcb10a083925cd84d4f62f91b4b"
  integrity sha512-DGdxOG36sS/tZv1NFiCJGi7wGuXOSPL2CmNX5PbOVKx0C6LuIALRMrqLByHTCcX1Rbl8NJ9IWlJex32bzydvlw==
  dependencies:
    fastify-plugin "^5.0.0"
    mnemonist "0.39.8"

"@fastify/deepmerge@^2.0.0":
  version "2.0.1"
  resolved "https://registry.yarnpkg.com/@fastify/deepmerge/-/deepmerge-2.0.1.tgz#68150cd7ab709b63a718aac8335561779b910032"
  integrity sha512-hx+wJQr9Ph1hY/dyzY0SxqjumMyqZDlIF6oe71dpRKDHUg7dFQfjG94qqwQ274XRjmUrwKiYadex8XplNHx3CA==

"@fastify/error@^4.0.0":
  version "4.0.0"
  resolved "https://registry.yarnpkg.com/@fastify/error/-/error-4.0.0.tgz#7842d6161fbce78953638318be99033a0c2d5070"
  integrity sha512-OO/SA8As24JtT1usTUTKgGH7uLvhfwZPwlptRi2Dp5P4KKmJI3gvsZ8MIHnNwDs4sLf/aai5LzTyl66xr7qMxA==

"@fastify/etag@^6.0.3":
  version "6.0.3"
  resolved "https://registry.yarnpkg.com/@fastify/etag/-/etag-6.0.3.tgz#f0129801ca1081e52e19c491ec94ceedd7aca5b8"
  integrity sha512-pMXohCA6Bk9JBNLl/KhHkSCGN7PCbgwVqHydwMsd1sVKtV8YNuzRW7lEe1VYap/MTNOn/Q8OfcR667lyrNbT/A==
  dependencies:
    fastify-plugin "^5.0.0"

"@fastify/fast-json-stringify-compiler@^5.0.0":
  version "5.0.2"
  resolved "https://registry.yarnpkg.com/@fastify/fast-json-stringify-compiler/-/fast-json-stringify-compiler-5.0.2.tgz#aedd7729674531ef276a5b680bfaf9c711f3f85e"
  integrity sha512-YdR7gqlLg1xZAQa+SX4sMNzQHY5pC54fu9oC5aYSUqBhyn6fkLkrdtKlpVdCNPlwuUuXA1PjFTEmvMF6ZVXVGw==
  dependencies:
    fast-json-stringify "^6.0.0"

"@fastify/forwarded@^3.0.0":
  version "3.0.0"
  resolved "https://registry.yarnpkg.com/@fastify/forwarded/-/forwarded-3.0.0.tgz#0fc96cdbbb5a38ad453d2d5533a34f09b4949b37"
  integrity sha512-kJExsp4JCms7ipzg7SJ3y8DwmePaELHxKYtg+tZow+k0znUTf3cb+npgyqm8+ATZOdmfgfydIebPDWM172wfyA==

"@fastify/jwt@^9.0.3":
  version "9.0.3"
  resolved "https://registry.yarnpkg.com/@fastify/jwt/-/jwt-9.0.3.tgz#a93ef147e745c4b17bbb0e39bb70a3d13a27ba2f"
  integrity sha512-5OjeozLzwhMhrOkadHG9FhS5S3wNVIN6ADhBJd/x3VJIWptlRdc1ORksA6NHJ1ihvuAb0IOVK9giaCZTelnMSg==
  dependencies:
    "@fastify/error" "^4.0.0"
    "@lukeed/ms" "^2.0.2"
    fast-jwt "^5.0.0"
    fastify-plugin "^5.0.0"
    steed "^1.1.3"

"@fastify/merge-json-schemas@^0.2.0":
  version "0.2.1"
  resolved "https://registry.yarnpkg.com/@fastify/merge-json-schemas/-/merge-json-schemas-0.2.1.tgz#3aa30d2f0c81a8ac5995b6d94ed4eaa2c3055824"
  integrity sha512-OA3KGBCy6KtIvLf8DINC5880o5iBlDX4SxzLQS8HorJAbqluzLRn80UXU0bxZn7UOFhFgpRJDasfwn9nG4FG4A==
  dependencies:
    dequal "^2.0.3"

"@fastify/proxy-addr@^5.0.0":
  version "5.0.0"
  resolved "https://registry.yarnpkg.com/@fastify/proxy-addr/-/proxy-addr-5.0.0.tgz#e9d1c7a49b8380d9f92a879fdc623ac47ee27de3"
  integrity sha512-37qVVA1qZ5sgH7KpHkkC4z9SK6StIsIcOmpjvMPXNb3vx2GQxhZocogVYbr2PbbeLCQxYIPDok307xEvRZOzGA==
  dependencies:
    "@fastify/forwarded" "^3.0.0"
    ipaddr.js "^2.1.0"

"@fastify/send@^3.2.0":
  version "3.3.1"
  resolved "https://registry.yarnpkg.com/@fastify/send/-/send-3.3.1.tgz#cb5759480eb4110b44d9af613d61b3f8b2933d8b"
  integrity sha512-6pofeVwaHN+E/MAofCwDqkWUliE3i++jlD0VH/LOfU8TJlCkMUSgKvA9bawDdVXxjve7XrdYMyDmkiYaoGWEtA==
  dependencies:
    "@lukeed/ms" "^2.0.2"
    escape-html "~1.0.3"
    fast-decode-uri-component "^1.0.1"
    http-errors "^2.0.0"
    mime "^3"

"@fastify/static@^8.0.0":
  version "8.0.4"
  resolved "https://registry.yarnpkg.com/@fastify/static/-/static-8.0.4.tgz#7410ac5f73d6027d46e5b759b6a0365f9c5bca76"
  integrity sha512-JdJIlXDYXZxbTFQazWOEfHxyD5uRXqRsLnp4rV9MwJnxadA0rrWBI8ZelPF2TPk/xDi5wunY/6ZmfwHXld13bA==
  dependencies:
    "@fastify/accept-negotiator" "^2.0.0"
    "@fastify/send" "^3.2.0"
    content-disposition "^0.5.4"
    fastify-plugin "^5.0.0"
    fastq "^1.17.1"
    glob "^11.0.0"

"@fastify/swagger-ui@^5.2.1":
  version "5.2.1"
  resolved "https://registry.yarnpkg.com/@fastify/swagger-ui/-/swagger-ui-5.2.1.tgz#7d8a34b2286c5256eed54fe078d53be38a3b8717"
  integrity sha512-R78kXg5Ss2/x2v6/N4oYMUEynzRyqJAiylPFoz1MOD01k+LZCrAyCstLuOc4aUwo6R8P2FlYiDdbneAixQK3WA==
  dependencies:
    "@fastify/static" "^8.0.0"
    fastify-plugin "^5.0.0"
    openapi-types "^12.1.3"
    rfdc "^1.3.1"
    yaml "^2.4.1"

"@fastify/swagger@^9.4.2":
  version "9.4.2"
  resolved "https://registry.yarnpkg.com/@fastify/swagger/-/swagger-9.4.2.tgz#1e296e830b318c5c97e229482a2c7922fba9c5f6"
  integrity sha512-WjSUu6QnmysLx1GeX7+oQAQUG/vBK5L8Qzcsht2SEpZiykpHURefMZpf+u3XbwSuH7TjeWOPgGIJIsEgj8AvxQ==
  dependencies:
    fastify-plugin "^5.0.0"
    json-schema-resolver "^3.0.0"
    openapi-types "^12.1.3"
    rfdc "^1.3.1"
    yaml "^2.4.2"

"@isaacs/cliui@^8.0.2":
  version "8.0.2"
  resolved "https://registry.yarnpkg.com/@isaacs/cliui/-/cliui-8.0.2.tgz#b37667b7bc181c168782259bab42474fbf52b550"
  integrity sha512-O8jcjabXaleOG9DQ0+ARXWZBTfnP4WNAqzuiJK7ll44AmxGKv/J2M4TPjxjY3znBCfvBXFzucm1twdyFybFqEA==
  dependencies:
    string-width "^5.1.2"
    string-width-cjs "npm:string-width@^4.2.0"
    strip-ansi "^7.0.1"
    strip-ansi-cjs "npm:strip-ansi@^6.0.1"
    wrap-ansi "^8.1.0"
    wrap-ansi-cjs "npm:wrap-ansi@^7.0.0"

"@lukeed/ms@^2.0.2":
  version "2.0.2"
  resolved "https://registry.yarnpkg.com/@lukeed/ms/-/ms-2.0.2.tgz#07f09e59a74c52f4d88c6db5c1054e819538e2a8"
  integrity sha512-9I2Zn6+NJLfaGoz9jN3lpwDgAYvfGeNYdbAIjJOqzs4Tpc+VU3Jqq4IofSUBKajiDS8k9fZIg18/z13mpk1bsA==

"@mongodb-js/saslprep@^1.1.9":
  version "1.1.9"
  resolved "https://registry.yarnpkg.com/@mongodb-js/saslprep/-/saslprep-1.1.9.tgz#e974bab8eca9faa88677d4ea4da8d09a52069004"
  integrity sha512-tVkljjeEaAhCqTzajSdgbQ6gE6f3oneVwa3iXR6csiEwXXOFsiC6Uh9iAjAhXPtqa/XMDHWjjeNH/77m/Yq2dw==
  dependencies:
    sparse-bitfield "^3.0.3"

"@types/webidl-conversions@*":
  version "7.0.3"
  resolved "https://registry.yarnpkg.com/@types/webidl-conversions/-/webidl-conversions-7.0.3.tgz#1306dbfa53768bcbcfc95a1c8cde367975581859"
  integrity sha512-CiJJvcRtIgzadHCYXw7dqEnMNRjhGZlYK05Mj9OyktqV8uVT8fD2BFOB7S1uwBE3Kj2Z+4UyPmFw/Ixgw/LAlA==

"@types/whatwg-url@^11.0.2":
  version "11.0.5"
  resolved "https://registry.yarnpkg.com/@types/whatwg-url/-/whatwg-url-11.0.5.tgz#aaa2546e60f0c99209ca13360c32c78caf2c409f"
  integrity sha512-coYR071JRaHa+xoEvvYqvnIHaVqaYrLPbsufM9BF63HkwI5Lgmy2QR8Q5K/lYDYo5AK82wOvSOS0UsLTpTG7uQ==
  dependencies:
    "@types/webidl-conversions" "*"

abstract-logging@^2.0.1:
  version "2.0.1"
  resolved "https://registry.yarnpkg.com/abstract-logging/-/abstract-logging-2.0.1.tgz#6b0c371df212db7129b57d2e7fcf282b8bf1c839"
  integrity sha512-2BjRTZxTPvheOvGbBslFSYOUkr+SjPtOnrLP33f+VIWLzezQpZcqVg7ja3L4dBXmzzgwT+a029jRx5PCi3JuiA==

ajv-formats@^3.0.1:
  version "3.0.1"
  resolved "https://registry.yarnpkg.com/ajv-formats/-/ajv-formats-3.0.1.tgz#3d5dc762bca17679c3c2ea7e90ad6b7532309578"
  integrity sha512-8iUql50EUR+uUcdRQ3HDqa6EVyo3docL8g5WJ3FNcWmu62IbkGUue/pEyLBW8VGKKucTPgqeks4fIU1DA4yowQ==
  dependencies:
    ajv "^8.0.0"

ajv@^8.0.0, ajv@^8.12.0:
  version "8.17.1"
  resolved "https://registry.yarnpkg.com/ajv/-/ajv-8.17.1.tgz#37d9a5c776af6bc92d7f4f9510eba4c0a60d11a6"
  integrity sha512-B/gBuNg5SiMTrPkC+A2+cW0RszwxYmn6VYxB/inlBStS5nx6xHIt/ehKRhIMhqusl7a8LjQoZnjCs5vhwxOQ1g==
  dependencies:
    fast-deep-equal "^3.1.3"
    fast-uri "^3.0.1"
    json-schema-traverse "^1.0.0"
    require-from-string "^2.0.2"

ansi-regex@^5.0.1:
  version "5.0.1"
  resolved "https://registry.yarnpkg.com/ansi-regex/-/ansi-regex-5.0.1.tgz#082cb2c89c9fe8659a311a53bd6a4dc5301db304"
  integrity sha512-quJQXlTSUGL2LH9SUXo8VwsY4soanhgo6LNSm84E1LBcE8s3O0wpdiRzyR9z/ZZJMlMWv37qOOb9pdJlMUEKFQ==

ansi-regex@^6.0.1:
  version "6.1.0"
  resolved "https://registry.yarnpkg.com/ansi-regex/-/ansi-regex-6.1.0.tgz#95ec409c69619d6cb1b8b34f14b660ef28ebd654"
  integrity sha512-7HSX4QQb4CspciLpVFwyRe79O3xsIZDDLER21kERQ71oaPodF8jL725AgJMFAYbooIqolJoRLuM81SpeUkpkvA==

ansi-styles@^4.0.0:
  version "4.3.0"
  resolved "https://registry.yarnpkg.com/ansi-styles/-/ansi-styles-4.3.0.tgz#edd803628ae71c04c85ae7a0906edad34b648937"
  integrity sha512-zbB9rCJAT1rbjiVDb2hqKFHNYLxgtk8NURxZ3IZwD3F6NtxbXZQCnnSi1Lkx+IDohdPlFp222wVALIheZJQSEg==
  dependencies:
    color-convert "^2.0.1"

ansi-styles@^6.1.0:
  version "6.2.1"
  resolved "https://registry.yarnpkg.com/ansi-styles/-/ansi-styles-6.2.1.tgz#0e62320cf99c21afff3b3012192546aacbfb05c5"
  integrity sha512-bN798gFfQX+viw3R7yrGWRqnrN2oRkEkUjjl4JNn4E8GxxbjtG3FbrEIIY3l8/hrwUwIeCZvi4QuOTP4MErVug==

asn1.js@^5.4.1:
  version "5.4.1"
  resolved "https://registry.yarnpkg.com/asn1.js/-/asn1.js-5.4.1.tgz#11a980b84ebb91781ce35b0fdc2ee294e3783f07"
  integrity sha512-+I//4cYPccV8LdmBLiX8CYvf9Sp3vQsrqu2QNXRcrbiWvcx/UdlFiqUJJzxRQxgsZmvhXhn4cSKeSmoFjVdupA==
  dependencies:
    bn.js "^4.0.0"
    inherits "^2.0.1"
    minimalistic-assert "^1.0.0"
    safer-buffer "^2.1.0"

atomic-sleep@^1.0.0:
  version "1.0.0"
  resolved "https://registry.yarnpkg.com/atomic-sleep/-/atomic-sleep-1.0.0.tgz#eb85b77a601fc932cfe432c5acd364a9e2c9075b"
  integrity sha512-kNOjDqAh7px0XWNI+4QbzoiR/nTkHAWNud2uvnJquD1/x5a7EQZMJT0AczqK0Qn67oY/TTQ1LbUKajZpp3I9tQ==

avvio@^9.0.0:
  version "9.1.0"
  resolved "https://registry.yarnpkg.com/avvio/-/avvio-9.1.0.tgz#0ff80ed211682441d8aa39ff21a4b9d022109c44"
  integrity sha512-fYASnYi600CsH/j9EQov7lECAniYiBFiiAtBNuZYLA2leLe9qOvZzqYHFjtIj6gD2VMoMLP14834LFWvr4IfDw==
  dependencies:
    "@fastify/error" "^4.0.0"
    fastq "^1.17.1"

balanced-match@^1.0.0:
  version "1.0.2"
  resolved "https://registry.yarnpkg.com/balanced-match/-/balanced-match-1.0.2.tgz#e83e3a7e3f300b34cb9d87f615fa0cbf357690ee"
  integrity sha512-3oSeUO0TMV67hN1AmbXsK4yaqU7tjiHlbxRDZOpH0KW9+CeX4bRAaX0Anxt0tx2MrpRpWwQaPwIlISEJhYU5Pw==

bn.js@^4.0.0:
  version "4.12.1"
  resolved "https://registry.yarnpkg.com/bn.js/-/bn.js-4.12.1.tgz#215741fe3c9dba2d7e12c001d0cfdbae43975ba7"
  integrity sha512-k8TVBiPkPJT9uHLdOKfFpqcfprwBFOAAXXozRubr7R7PfIuKvQlzcI4M0pALeqXN09vdaMbUdUj+pass+uULAg==

brace-expansion@^2.0.1:
  version "2.0.1"
  resolved "https://registry.yarnpkg.com/brace-expansion/-/brace-expansion-2.0.1.tgz#1edc459e0f0c548486ecf9fc99f2221364b9a0ae"
  integrity sha512-XnAIvQ8eM+kC6aULx6wuQiwVsnzsi9d3WxzV3FpWTGA19F621kwdbsAcFKXgKUHZWsy+mY6iL1sHTxWEFCytDA==
  dependencies:
    balanced-match "^1.0.0"

bson@^6.10.1:
  version "6.10.2"
  resolved "https://registry.yarnpkg.com/bson/-/bson-6.10.2.tgz#092ba1d2abee7e126320003f88d6883c3b1897df"
  integrity sha512-5afhLTjqDSA3akH56E+/2J6kTDuSIlBxyXPdQslj9hcIgOUE378xdOfZvC/9q3LifJNI6KR/juZ+d0NRNYBwXg==

color-convert@^2.0.1:
  version "2.0.1"
  resolved "https://registry.yarnpkg.com/color-convert/-/color-convert-2.0.1.tgz#72d3a68d598c9bdb3af2ad1e84f21d896abd4de3"
  integrity sha512-RRECPsj7iu/xb5oKYcsFHSppFNnsj/52OVTRKb4zP5onXwVF3zVmmToNcOfGC+CRDpfK/U584fMg38ZHCaElKQ==
  dependencies:
    color-name "~1.1.4"

color-name@~1.1.4:
  version "1.1.4"
  resolved "https://registry.yarnpkg.com/color-name/-/color-name-1.1.4.tgz#c2a09a87acbde69543de6f63fa3995c826c536a2"
  integrity sha512-dOy+3AuW3a2wNbZHIuMZpTcgjGuLU/uBL/ubcZF9OXbDo8ff4O8yVp5Bf0efS8uEoYo5q4Fx7dY9OgQGXgAsQA==

content-disposition@^0.5.4:
  version "0.5.4"
  resolved "https://registry.yarnpkg.com/content-disposition/-/content-disposition-0.5.4.tgz#8b82b4efac82512a02bb0b1dcec9d2c5e8eb5bfe"
  integrity sha512-FveZTNuGw04cxlAiWbzi6zTAL/lhehaWbTtgluJh4/E95DqMwTmha3KZN1aAWA8cFIhHzMZUvLevkw5Rqk+tSQ==
  dependencies:
    safe-buffer "5.2.1"

cookie@^1.0.1:
  version "1.0.2"
  resolved "https://registry.yarnpkg.com/cookie/-/cookie-1.0.2.tgz#27360701532116bd3f1f9416929d176afe1e4610"
  integrity sha512-9Kr/j4O16ISv8zBBhJoi4bXOYNTkFLOqSL3UDB0njXxCXNezjeyVrJyGOWtgfs/q2km1gwBcfH8q1yEGoMYunA==

cross-spawn@^7.0.0:
  version "7.0.6"
  resolved "https://registry.yarnpkg.com/cross-spawn/-/cross-spawn-7.0.6.tgz#8a58fe78f00dcd70c370451759dfbfaf03e8ee9f"
  integrity sha512-uV2QOWP2nWzsy2aMp8aRibhi9dlzF5Hgh5SHaB9OiTGEyDTiJJyx0uy51QXdyWbtAHNua4XJzUKca3OzKUd3vA==
  dependencies:
    path-key "^3.1.0"
    shebang-command "^2.0.0"
    which "^2.0.1"

debug@4.x, debug@^4.1.1:
  version "4.4.0"
  resolved "https://registry.yarnpkg.com/debug/-/debug-4.4.0.tgz#2b3f2aea2ffeb776477460267377dc8710faba8a"
  integrity sha512-6WTZ/IxCY/T6BALoZHaE4ctp9xm+Z5kY/pzYaCHRFeyVhojxlrm+46y68HA6hr0TcwEssoxNiDEUJQjfPZ/RYA==
  dependencies:
    ms "^2.1.3"

depd@2.0.0:
  version "2.0.0"
  resolved "https://registry.yarnpkg.com/depd/-/depd-2.0.0.tgz#b696163cc757560d09cf22cc8fad1571b79e76df"
  integrity sha512-g7nH6P6dyDioJogAAGprGpCtVImJhpPk/roCzdb3fIh61/s/nPsfR6onyMwkCAR/OlC3yBC0lESvUoQEAssIrw==

dequal@^2.0.3:
  version "2.0.3"
  resolved "https://registry.yarnpkg.com/dequal/-/dequal-2.0.3.tgz#2644214f1997d39ed0ee0ece72335490a7ac67be"
  integrity sha512-0je+qPKHEMohvfRTCEo3CrPG6cAzAYgmzKyxRiYSSDkS6eGJdyVJm7WaYA5ECaAD9wLB2T4EEeymA5aFVcYXCA==

dotenv@^16.4.7:
  version "16.4.7"
  resolved "https://registry.yarnpkg.com/dotenv/-/dotenv-16.4.7.tgz#0e20c5b82950140aa99be360a8a5f52335f53c26"
  integrity sha512-47qPchRCykZC03FhkYAhrvwU4xDBFIj1QPqaarj6mdM/hgUzfPHcpkHJOn3mJAufFeeAxAzeGsr5X0M4k6fLZQ==

eastasianwidth@^0.2.0:
  version "0.2.0"
  resolved "https://registry.yarnpkg.com/eastasianwidth/-/eastasianwidth-0.2.0.tgz#696ce2ec0aa0e6ea93a397ffcf24aa7840c827cb"
  integrity sha512-I88TYZWc9XiYHRQ4/3c5rjjfgkjhLyW2luGIheGERbNQ6OY7yTybanSpDXZa8y7VUP9YmDcYa+eyq4ca7iLqWA==

ecdsa-sig-formatter@^1.0.11:
  version "1.0.11"
  resolved "https://registry.yarnpkg.com/ecdsa-sig-formatter/-/ecdsa-sig-formatter-1.0.11.tgz#ae0f0fa2d85045ef14a817daa3ce9acd0489e5bf"
  integrity sha512-nagl3RYrbNv6kQkeJIpt6NJZy8twLB/2vtz6yN9Z4vRKHN4/QZJIEbqohALSgwKdnksuY3k5Addp5lg8sVoVcQ==
  dependencies:
    safe-buffer "^5.0.1"

emoji-regex@^8.0.0:
  version "8.0.0"
  resolved "https://registry.yarnpkg.com/emoji-regex/-/emoji-regex-8.0.0.tgz#e818fd69ce5ccfcb404594f842963bf53164cc37"
  integrity sha512-MSjYzcWNOA0ewAHpz0MxpYFvwg6yjy1NG3xteoqz644VCo/RPgnr1/GGt+ic3iJTzQ8Eu3TdM14SawnVUmGE6A==

emoji-regex@^9.2.2:
  version "9.2.2"
  resolved "https://registry.yarnpkg.com/emoji-regex/-/emoji-regex-9.2.2.tgz#840c8803b0d8047f4ff0cf963176b32d4ef3ed72"
  integrity sha512-L18DaJsXSUk2+42pv8mLs5jJT2hqFkFE4j21wOmgbUqsZ2hL72NsUU785g9RXgo3s0ZNgVl42TiHp3ZtOv/Vyg==

escape-html@~1.0.3:
  version "1.0.3"
  resolved "https://registry.yarnpkg.com/escape-html/-/escape-html-1.0.3.tgz#0258eae4d3d0c0974de1c169188ef0051d1d1988"
  integrity sha512-NiSupZ4OeuGwr68lGIeym/ksIZMJodUGOSCZ/FSnTxcrekbvqrgdUxlJOMpijaKZVjAJrWrGs/6Jy8OMuyj9ow==

fast-decode-uri-component@^1.0.1:
  version "1.0.1"
  resolved "https://registry.yarnpkg.com/fast-decode-uri-component/-/fast-decode-uri-component-1.0.1.tgz#46f8b6c22b30ff7a81357d4f59abfae938202543"
  integrity sha512-WKgKWg5eUxvRZGwW8FvfbaH7AXSh2cL+3j5fMGzUMCxWBJ3dV3a7Wz8y2f/uQ0e3B6WmodD3oS54jTQ9HVTIIg==

fast-deep-equal@^3.1.3:
  version "3.1.3"
  resolved "https://registry.yarnpkg.com/fast-deep-equal/-/fast-deep-equal-3.1.3.tgz#3a7d56b559d6cbc3eb512325244e619a65c6c525"
  integrity sha512-f3qQ9oQy9j2AhBe/H9VC91wLmKBCCU/gDOnKNAYG5hswO7BLKj09Hc5HYNz9cGI++xlpDCIgDaitVs03ATR84Q==

fast-json-stringify@^6.0.0:
  version "6.0.1"
  resolved "https://registry.yarnpkg.com/fast-json-stringify/-/fast-json-stringify-6.0.1.tgz#82f1cb45fa96d0ca24b601f1738066976d6e2430"
  integrity sha512-s7SJE83QKBZwg54dIbD5rCtzOBVD43V1ReWXXYqBgwCwHLYAAT0RQc/FmrQglXqWPpz6omtryJQOau5jI4Nrvg==
  dependencies:
    "@fastify/merge-json-schemas" "^0.2.0"
    ajv "^8.12.0"
    ajv-formats "^3.0.1"
    fast-uri "^3.0.0"
    json-schema-ref-resolver "^2.0.0"
    rfdc "^1.2.0"

fast-jwt@^5.0.0:
  version "5.0.5"
  resolved "https://registry.yarnpkg.com/fast-jwt/-/fast-jwt-5.0.5.tgz#0f9674012e04b603097bafd4d13090919feff220"
  integrity sha512-Ch94zewwBjRznO0r76NFI5FDT0lOtnzkWVO4r7+d7E2WKuf7WW1FVOWRpv7QGEFlXzz9OAayrb5BhEmkOkwjhg==
  dependencies:
    "@lukeed/ms" "^2.0.2"
    asn1.js "^5.4.1"
    ecdsa-sig-formatter "^1.0.11"
    mnemonist "^0.39.8"

fast-querystring@^1.0.0:
  version "1.1.2"
  resolved "https://registry.yarnpkg.com/fast-querystring/-/fast-querystring-1.1.2.tgz#a6d24937b4fc6f791b4ee31dcb6f53aeafb89f53"
  integrity sha512-g6KuKWmFXc0fID8WWH0jit4g0AGBoJhCkJMb1RmbsSEUNvQ+ZC8D6CUZ+GtF8nMzSPXnhiePyyqqipzNNEnHjg==
  dependencies:
    fast-decode-uri-component "^1.0.1"

fast-redact@^3.1.1:
  version "3.5.0"
  resolved "https://registry.yarnpkg.com/fast-redact/-/fast-redact-3.5.0.tgz#e9ea02f7e57d0cd8438180083e93077e496285e4"
  integrity sha512-dwsoQlS7h9hMeYUq1W++23NDcBLV4KqONnITDV9DjfS3q1SgDGVrBdvvTLUotWtPSD7asWDV9/CmsZPy8Hf70A==

fast-uri@^3.0.0, fast-uri@^3.0.1, fast-uri@^3.0.5:
  version "3.0.6"
  resolved "https://registry.yarnpkg.com/fast-uri/-/fast-uri-3.0.6.tgz#88f130b77cfaea2378d56bf970dea21257a68748"
  integrity sha512-Atfo14OibSv5wAp4VWNsFYE1AchQRTv9cBGWET4pZWHzYshFSS9NQI6I57rdKn9croWVMbYFbLhJ+yJvmZIIHw==

fastfall@^1.5.0:
  version "1.5.1"
  resolved "https://registry.yarnpkg.com/fastfall/-/fastfall-1.5.1.tgz#3fee03331a49d1d39b3cdf7a5e9cd66f475e7b94"
  integrity sha512-KH6p+Z8AKPXnmA7+Iz2Lh8ARCMr+8WNPVludm1LGkZoD2MjY6LVnRMtTKhkdzI+jr0RzQWXKzKyBJm1zoHEL4Q==
  dependencies:
    reusify "^1.0.0"

fastify-plugin@^5.0.0:
  version "5.0.1"
  resolved "https://registry.yarnpkg.com/fastify-plugin/-/fastify-plugin-5.0.1.tgz#82d44e6fe34d1420bb5a4f7bee434d501e41939f"
  integrity sha512-HCxs+YnRaWzCl+cWRYFnHmeRFyR5GVnJTAaCJQiYzQSDwK9MgJdyAsuL3nh0EWRCYMgQ5MeziymvmAhUHYHDUQ==

fastify@^5.2.1:
  version "5.2.1"
  resolved "https://registry.yarnpkg.com/fastify/-/fastify-5.2.1.tgz#38381800eb26b7e27da72d9ee51c544f0c52ff39"
  integrity sha512-rslrNBF67eg8/Gyn7P2URV8/6pz8kSAscFL4EThZJ8JBMaXacVdVE4hmUcnPNKERl5o/xTiBSLfdowBRhVF1WA==
  dependencies:
    "@fastify/ajv-compiler" "^4.0.0"
    "@fastify/error" "^4.0.0"
    "@fastify/fast-json-stringify-compiler" "^5.0.0"
    "@fastify/proxy-addr" "^5.0.0"
    abstract-logging "^2.0.1"
    avvio "^9.0.0"
    fast-json-stringify "^6.0.0"
    find-my-way "^9.0.0"
    light-my-request "^6.0.0"
    pino "^9.0.0"
    process-warning "^4.0.0"
    rfdc "^1.3.1"
    secure-json-parse "^3.0.1"
    semver "^7.6.0"
    toad-cache "^3.7.0"

fastparallel@^2.2.0:
  version "2.4.1"
  resolved "https://registry.yarnpkg.com/fastparallel/-/fastparallel-2.4.1.tgz#0d984a5813ffa67f30b4a5cb4cb8cbe61c7ee5a5"
  integrity sha512-qUmhxPgNHmvRjZKBFUNI0oZuuH9OlSIOXmJ98lhKPxMZZ7zS/Fi0wRHOihDSz0R1YiIOjxzOY4bq65YTcdBi2Q==
  dependencies:
    reusify "^1.0.4"
    xtend "^4.0.2"

fastq@^1.17.1, fastq@^1.3.0:
  version "1.19.0"
  resolved "https://registry.yarnpkg.com/fastq/-/fastq-1.19.0.tgz#a82c6b7c2bb4e44766d865f07997785fecfdcb89"
  integrity sha512-7SFSRCNjBQIZH/xZR3iy5iQYR8aGBE0h3VG6/cwlbrpdciNYBMotQav8c1XI3HjHH+NikUpP53nPdlZSdWmFzA==
  dependencies:
    reusify "^1.0.4"

fastseries@^1.7.0:
  version "1.7.2"
  resolved "https://registry.yarnpkg.com/fastseries/-/fastseries-1.7.2.tgz#d22ce13b9433dff3388d91dbd6b8bda9b21a0f4b"
  integrity sha512-dTPFrPGS8SNSzAt7u/CbMKCJ3s01N04s4JFbORHcmyvVfVKmbhMD1VtRbh5enGHxkaQDqWyLefiKOGGmohGDDQ==
  dependencies:
    reusify "^1.0.0"
    xtend "^4.0.0"

find-my-way@^9.0.0:
  version "9.1.0"
  resolved "https://registry.yarnpkg.com/find-my-way/-/find-my-way-9.1.0.tgz#df941d61198b6380bc962250652c2dff43468880"
  integrity sha512-Y5jIsuYR4BwWDYYQ2A/RWWE6gD8a0FMgtU+HOq1WKku+Cwdz8M1v8wcAmRXXM1/iqtoqg06v+LjAxMYbCjViMw==
  dependencies:
    fast-deep-equal "^3.1.3"
    fast-querystring "^1.0.0"
    safe-regex2 "^4.0.0"

fluent-json-schema@^5.0.0:
  version "5.0.0"
  resolved "https://registry.yarnpkg.com/fluent-json-schema/-/fluent-json-schema-5.0.0.tgz#6769f042ce856958df8b91a41b9081c982556e96"
  integrity sha512-BGzLGdOMJ4Q2eCBnkNHGC0wcbgBc3AW3ivjk6ugdiMPraTmv0/yKn5fNYGHqwfWzhuOl6ljnhapebt0gkh8pNg==
  dependencies:
    "@fastify/deepmerge" "^2.0.0"

foreground-child@^3.1.0:
  version "3.3.0"
  resolved "https://registry.yarnpkg.com/foreground-child/-/foreground-child-3.3.0.tgz#0ac8644c06e431439f8561db8ecf29a7b5519c77"
  integrity sha512-Ld2g8rrAyMYFXBhEqMz8ZAHBi4J4uS1i/CxGMDnjyFWddMXLVcDp051DZfu+t7+ab7Wv6SMqpWmyFIj5UbfFvg==
  dependencies:
    cross-spawn "^7.0.0"
    signal-exit "^4.0.1"

glob@^11.0.0:
  version "11.0.1"
  resolved "https://registry.yarnpkg.com/glob/-/glob-11.0.1.tgz#1c3aef9a59d680e611b53dcd24bb8639cef064d9"
  integrity sha512-zrQDm8XPnYEKawJScsnM0QzobJxlT/kHOOlRTio8IH/GrmxRE5fjllkzdaHclIuNjUQTJYH2xHNIGfdpJkDJUw==
  dependencies:
    foreground-child "^3.1.0"
    jackspeak "^4.0.1"
    minimatch "^10.0.0"
    minipass "^7.1.2"
    package-json-from-dist "^1.0.0"
    path-scurry "^2.0.0"

http-errors@^2.0.0:
  version "2.0.0"
  resolved "https://registry.yarnpkg.com/http-errors/-/http-errors-2.0.0.tgz#b7774a1486ef73cf7667ac9ae0858c012c57b9d3"
  integrity sha512-FtwrG/euBzaEjYeRqOgly7G0qviiXoJWnvEH2Z1plBdXgbyjv34pHTSb9zoeHMyDy33+DWy5Wt9Wo+TURtOYSQ==
  dependencies:
    depd "2.0.0"
    inherits "2.0.4"
    setprototypeof "1.2.0"
    statuses "2.0.1"
    toidentifier "1.0.1"

inherits@2.0.3:
  version "2.0.3"
  resolved "https://registry.yarnpkg.com/inherits/-/inherits-2.0.3.tgz#633c2c83e3da42a502f52466022480f4208261de"
  integrity sha512-x00IRNXNy63jwGkJmzPigoySHbaqpNuzKbBOmzK+g2OdZpQ9w+sxCN+VSB3ja7IAge2OP2qpfxTjeNcyjmW1uw==

inherits@2.0.4, inherits@^2.0.1:
  version "2.0.4"
  resolved "https://registry.yarnpkg.com/inherits/-/inherits-2.0.4.tgz#0fa2c64f932917c3433a0ded55363aae37416b7c"
  integrity sha512-k/vGaX4/Yla3WzyMCvTQOXYeIHvqOKtnqBduzTHpzpQZzAskKMhZ2K+EnBiSM9zGSoIFeMpXKxa4dYeZIQqewQ==

ipaddr.js@^2.1.0:
  version "2.2.0"
  resolved "https://registry.yarnpkg.com/ipaddr.js/-/ipaddr.js-2.2.0.tgz#d33fa7bac284f4de7af949638c9d68157c6b92e8"
  integrity sha512-Ag3wB2o37wslZS19hZqorUnrnzSkpOVy+IiiDEiTqNubEYpYuHWIf6K4psgN2ZWKExS4xhVCrRVfb/wfW8fWJA==

is-fullwidth-code-point@^3.0.0:
  version "3.0.0"
  resolved "https://registry.yarnpkg.com/is-fullwidth-code-point/-/is-fullwidth-code-point-3.0.0.tgz#f116f8064fe90b3f7844a38997c0b75051269f1d"
  integrity sha512-zymm5+u+sCsSWyD9qNaejV3DFvhCKclKdizYaJUuHA83RLjb7nSuGnddCHGv0hk+KY7BMAlsWeK4Ueg6EV6XQg==

isexe@^2.0.0:
  version "2.0.0"
  resolved "https://registry.yarnpkg.com/isexe/-/isexe-2.0.0.tgz#e8fbf374dc556ff8947a10dcb0572d633f2cfa10"
  integrity sha512-RHxMLp9lnKHGHRng9QFhRCMbYAcVpn69smSGcq3f36xjgVVWThj4qqLbTLlq7Ssj8B+fIQ1EuCEGI2lKsyQeIw==

jackspeak@^4.0.1:
  version "4.0.2"
  resolved "https://registry.yarnpkg.com/jackspeak/-/jackspeak-4.0.2.tgz#11f9468a3730c6ff6f56823a820d7e3be9bef015"
  integrity sha512-bZsjR/iRjl1Nk1UkjGpAzLNfQtzuijhn2g+pbZb98HQ1Gk8vM9hfbxeMBP+M2/UUdwj0RqGG3mlvk2MsAqwvEw==
  dependencies:
    "@isaacs/cliui" "^8.0.2"

json-schema-ref-resolver@^2.0.0:
  version "2.0.1"
  resolved "https://registry.yarnpkg.com/json-schema-ref-resolver/-/json-schema-ref-resolver-2.0.1.tgz#c92f16b452df069daac53e1984159e0f9af0598d"
  integrity sha512-HG0SIB9X4J8bwbxCbnd5FfPEbcXAJYTi1pBJeP/QPON+w8ovSME8iRG+ElHNxZNX2Qh6eYn1GdzJFS4cDFfx0Q==
  dependencies:
    dequal "^2.0.3"

json-schema-resolver@^3.0.0:
  version "3.0.0"
  resolved "https://registry.yarnpkg.com/json-schema-resolver/-/json-schema-resolver-3.0.0.tgz#acad9752a5817cc02f1e40371610ecf3436263ac"
  integrity sha512-HqMnbz0tz2DaEJ3ntsqtx3ezzZyDE7G56A/pPY/NGmrPu76UzsWquOpHFRAf5beTNXoH2LU5cQePVvRli1nchA==
  dependencies:
    debug "^4.1.1"
    fast-uri "^3.0.5"
    rfdc "^1.1.4"

json-schema-traverse@^1.0.0:
  version "1.0.0"
  resolved "https://registry.yarnpkg.com/json-schema-traverse/-/json-schema-traverse-1.0.0.tgz#ae7bcb3656ab77a73ba5c49bf654f38e6b6860e2"
  integrity sha512-NM8/P9n3XjXhIZn1lLhkFaACTOURQXjWhV4BA/RnOv8xvgqtqpAX9IO4mRQxSx1Rlo4tqzeqb0sOlruaOy3dug==

kareem@2.6.3:
  version "2.6.3"
  resolved "https://registry.yarnpkg.com/kareem/-/kareem-2.6.3.tgz#23168ec8ffb6c1abfd31b7169a6fb1dd285992ac"
  integrity sha512-C3iHfuGUXK2u8/ipq9LfjFfXFxAZMQJJq7vLS45r3D9Y2xQ/m4S8zaR4zMLFWh9AsNPXmcFfUDhTEO8UIC/V6Q==

light-my-request@^6.0.0:
  version "6.5.1"
  resolved "https://registry.yarnpkg.com/light-my-request/-/light-my-request-6.5.1.tgz#30f6984bcd05ff76550e6d5bbaba5982d864b111"
  integrity sha512-0q82RyxIextuDtkA0UDofhPHIiQ2kmpa7fwElCSlm/8nQl36cDU1Cw+CAO90Es0lReH2HChClKL84I86Nc52hg==
  dependencies:
    cookie "^1.0.1"
    process-warning "^4.0.0"
    set-cookie-parser "^2.6.0"

lru-cache@^11.0.0:
  version "11.0.2"
  resolved "https://registry.yarnpkg.com/lru-cache/-/lru-cache-11.0.2.tgz#fbd8e7cf8211f5e7e5d91905c415a3f55755ca39"
  integrity sha512-123qHRfJBmo2jXDbo/a5YOQrJoHF/GNQTLzQ5+IdK5pWpceK17yRc6ozlWd25FxvGKQbIUs91fDFkXmDHTKcyA==

memory-pager@^1.0.2:
  version "1.5.0"
  resolved "https://registry.yarnpkg.com/memory-pager/-/memory-pager-1.5.0.tgz#d8751655d22d384682741c972f2c3d6dfa3e66b5"
  integrity sha512-ZS4Bp4r/Zoeq6+NLJpP+0Zzm0pR8whtGPf1XExKLJBAczGMnSi3It14OiNCStjQjM6NU1okjQGSxgEZN8eBYKg==

mime@^3:
  version "3.0.0"
  resolved "https://registry.yarnpkg.com/mime/-/mime-3.0.0.tgz#b374550dca3a0c18443b0c950a6a58f1931cf7a7"
  integrity sha512-jSCU7/VB1loIWBZe14aEYHU/+1UMEHoaO7qxCOVJOw9GgH72VAWppxNcjU+x9a2k3GSIBXNKxXQFqRvvZ7vr3A==

minimalistic-assert@^1.0.0:
  version "1.0.1"
  resolved "https://registry.yarnpkg.com/minimalistic-assert/-/minimalistic-assert-1.0.1.tgz#2e194de044626d4a10e7f7fbc00ce73e83e4d5c7"
  integrity sha512-UtJcAD4yEaGtjPezWuO9wC4nwUnVH/8/Im3yEHQP4b67cXlD/Qr9hdITCU1xDbSEXg2XKNaP8jsReV7vQd00/A==

minimatch@^10.0.0:
  version "10.0.1"
  resolved "https://registry.yarnpkg.com/minimatch/-/minimatch-10.0.1.tgz#ce0521856b453c86e25f2c4c0d03e6ff7ddc440b"
  integrity sha512-ethXTt3SGGR+95gudmqJ1eNhRO7eGEGIgYA9vnPatK4/etz2MEVDno5GMCibdMTuBMyElzIlgxMna3K94XDIDQ==
  dependencies:
    brace-expansion "^2.0.1"

minipass@^7.1.2:
  version "7.1.2"
  resolved "https://registry.yarnpkg.com/minipass/-/minipass-7.1.2.tgz#93a9626ce5e5e66bd4db86849e7515e92340a707"
  integrity sha512-qOOzS1cBTWYF4BH8fVePDBOO9iptMnGUEZwNc/cMWnTV2nVLZ7VoNWEPHkYczZA0pdoA7dl6e7FL659nX9S2aw==

mnemonist@0.39.8, mnemonist@^0.39.8:
  version "0.39.8"
  resolved "https://registry.yarnpkg.com/mnemonist/-/mnemonist-0.39.8.tgz#9078cd8386081afd986cca34b52b5d84ea7a4d38"
  integrity sha512-vyWo2K3fjrUw8YeeZ1zF0fy6Mu59RHokURlld8ymdUPjMlD9EC9ov1/YPqTgqRvUN9nTr3Gqfz29LYAmu0PHPQ==
  dependencies:
    obliterator "^2.0.1"

module-alias@^2.2.3:
  version "2.2.3"
  resolved "https://registry.yarnpkg.com/module-alias/-/module-alias-2.2.3.tgz#ec2e85c68973bda6ab71ce7c93b763ec96053221"
  integrity sha512-23g5BFj4zdQL/b6tor7Ji+QY4pEfNH784BMslY9Qb0UnJWRAt+lQGLYmRaM0KDBwIG23ffEBELhZDP2rhi9f/Q==

mongodb-connection-string-url@^3.0.0:
  version "3.0.2"
  resolved "https://registry.yarnpkg.com/mongodb-connection-string-url/-/mongodb-connection-string-url-3.0.2.tgz#e223089dfa0a5fa9bf505f8aedcbc67b077b33e7"
  integrity sha512-rMO7CGo/9BFwyZABcKAWL8UJwH/Kc2x0g72uhDWzG48URRax5TCIcJ7Rc3RZqffZzO/Gwff/jyKwCU9TN8gehA==
  dependencies:
    "@types/whatwg-url" "^11.0.2"
    whatwg-url "^14.1.0 || ^13.0.0"

mongodb@~6.12.0:
  version "6.12.0"
  resolved "https://registry.yarnpkg.com/mongodb/-/mongodb-6.12.0.tgz#8b0bda1b18cbb3f0aec8ab4119c5dc535a43c444"
  integrity sha512-RM7AHlvYfS7jv7+BXund/kR64DryVI+cHbVAy9P61fnb1RcWZqOW1/Wj2YhqMCx+MuYhqTRGv7AwHBzmsCKBfA==
  dependencies:
    "@mongodb-js/saslprep" "^1.1.9"
    bson "^6.10.1"
    mongodb-connection-string-url "^3.0.0"

mongoose@^8.9.5:
  version "8.9.5"
  resolved "https://registry.yarnpkg.com/mongoose/-/mongoose-8.9.5.tgz#90a2d70b48a66022a61d7a170ab4fad106b83cba"
  integrity sha512-SPhOrgBm0nKV3b+IIHGqpUTOmgVL5Z3OO9AwkFEmvOZznXTvplbomstCnPOGAyungtRXE5pJTgKpKcZTdjeESg==
  dependencies:
    bson "^6.10.1"
    kareem "2.6.3"
    mongodb "~6.12.0"
    mpath "0.9.0"
    mquery "5.0.0"
    ms "2.1.3"
    sift "17.1.3"

mpath@0.9.0:
  version "0.9.0"
  resolved "https://registry.yarnpkg.com/mpath/-/mpath-0.9.0.tgz#0c122fe107846e31fc58c75b09c35514b3871904"
  integrity sha512-ikJRQTk8hw5DEoFVxHG1Gn9T/xcjtdnOKIU1JTmGjZZlg9LST2mBLmcX3/ICIbgJydT2GOc15RnNy5mHmzfSew==

mquery@5.0.0:
  version "5.0.0"
  resolved "https://registry.yarnpkg.com/mquery/-/mquery-5.0.0.tgz#a95be5dfc610b23862df34a47d3e5d60e110695d"
  integrity sha512-iQMncpmEK8R8ncT8HJGsGc9Dsp8xcgYMVSbs5jgnm1lFHTZqMJTUWTDx1LBO8+mK3tPNZWFLBghQEIOULSTHZg==
  dependencies:
    debug "4.x"

ms@2.1.3, ms@^2.1.3:
  version "2.1.3"
  resolved "https://registry.yarnpkg.com/ms/-/ms-2.1.3.tgz#574c8138ce1d2b5861f0b44579dbadd60c6615b2"
  integrity sha512-6FlzubTLZG3J2a/NVCAleEhjzq5oxgHyaCU9yYXvcLsvoVaHJq/s5xXI6/XXP6tz7R9xAOtHnSO/tXtF3WRTlA==

obliterator@^2.0.1:
  version "2.0.5"
  resolved "https://registry.yarnpkg.com/obliterator/-/obliterator-2.0.5.tgz#031e0145354b0c18840336ae51d41e7d6d2c76aa"
  integrity sha512-42CPE9AhahZRsMNslczq0ctAEtqk8Eka26QofnqC346BZdHDySk3LWka23LI7ULIw11NmltpiLagIq8gBozxTw==

on-exit-leak-free@^2.1.0:
  version "2.1.2"
  resolved "https://registry.yarnpkg.com/on-exit-leak-free/-/on-exit-leak-free-2.1.2.tgz#fed195c9ebddb7d9e4c3842f93f281ac8dadd3b8"
  integrity sha512-0eJJY6hXLGf1udHwfNftBqH+g73EU4B504nZeKpz1sYRKafAghwxEJunB2O7rDZkL4PGfsMVnTXZ2EjibbqcsA==

openapi-types@^12.1.3:
  version "12.1.3"
  resolved "https://registry.yarnpkg.com/openapi-types/-/openapi-types-12.1.3.tgz#471995eb26c4b97b7bd356aacf7b91b73e777dd3"
  integrity sha512-N4YtSYJqghVu4iek2ZUvcN/0aqH1kRDuNqzcycDxhOUpg7GdvLa2F3DgS6yBNhInhv2r/6I0Flkn7CqL8+nIcw==

package-json-from-dist@^1.0.0:
  version "1.0.1"
  resolved "https://registry.yarnpkg.com/package-json-from-dist/-/package-json-from-dist-1.0.1.tgz#4f1471a010827a86f94cfd9b0727e36d267de505"
  integrity sha512-UEZIS3/by4OC8vL3P2dTXRETpebLI2NiI5vIrjaD/5UtrkFX/tNbwjTSRAGC/+7CAo2pIcBaRgWmcBBHcsaCIw==

path-key@^3.1.0:
  version "3.1.1"
  resolved "https://registry.yarnpkg.com/path-key/-/path-key-3.1.1.tgz#581f6ade658cbba65a0d3380de7753295054f375"
  integrity sha512-ojmeN0qd+y0jszEtoY48r0Peq5dwMEkIlCOu6Q5f41lfkswXuKtYrhgoTpLnyIcHm24Uhqx+5Tqm2InSwLhE6Q==

path-scurry@^2.0.0:
  version "2.0.0"
  resolved "https://registry.yarnpkg.com/path-scurry/-/path-scurry-2.0.0.tgz#9f052289f23ad8bf9397a2a0425e7b8615c58580"
  integrity sha512-ypGJsmGtdXUOeM5u93TyeIEfEhM6s+ljAhrk5vAvSx8uyY/02OvrZnA0YNGUrPXfpJMgI1ODd3nwz8Npx4O4cg==
  dependencies:
    lru-cache "^11.0.0"
    minipass "^7.1.2"

path@^0.12.7:
  version "0.12.7"
  resolved "https://registry.yarnpkg.com/path/-/path-0.12.7.tgz#d4dc2a506c4ce2197eb481ebfcd5b36c0140b10f"
  integrity sha512-aXXC6s+1w7otVF9UletFkFcDsJeO7lSZBPUQhtb5O0xJe8LtYhj/GxldoL09bBj9+ZmE2hNoHqQSFMN5fikh4Q==
  dependencies:
    process "^0.11.1"
    util "^0.10.3"

pino-abstract-transport@^2.0.0:
  version "2.0.0"
  resolved "https://registry.yarnpkg.com/pino-abstract-transport/-/pino-abstract-transport-2.0.0.tgz#de241578406ac7b8a33ce0d77ae6e8a0b3b68a60"
  integrity sha512-F63x5tizV6WCh4R6RHyi2Ml+M70DNRXt/+HANowMflpgGFMAym/VKm6G7ZOQRjqN7XbGxK1Lg9t6ZrtzOaivMw==
  dependencies:
    split2 "^4.0.0"

pino-std-serializers@^7.0.0:
  version "7.0.0"
  resolved "https://registry.yarnpkg.com/pino-std-serializers/-/pino-std-serializers-7.0.0.tgz#7c625038b13718dbbd84ab446bd673dc52259e3b"
  integrity sha512-e906FRY0+tV27iq4juKzSYPbUj2do2X2JX4EzSca1631EB2QJQUqGbDuERal7LCtOpxl6x3+nvo9NPZcmjkiFA==

pino@^9.0.0:
  version "9.6.0"
  resolved "https://registry.yarnpkg.com/pino/-/pino-9.6.0.tgz#6bc628159ba0cc81806d286718903b7fc6b13169"
  integrity sha512-i85pKRCt4qMjZ1+L7sy2Ag4t1atFcdbEt76+7iRJn1g2BvsnRMGu9p8pivl9fs63M2kF/A0OacFZhTub+m/qMg==
  dependencies:
    atomic-sleep "^1.0.0"
    fast-redact "^3.1.1"
    on-exit-leak-free "^2.1.0"
    pino-abstract-transport "^2.0.0"
    pino-std-serializers "^7.0.0"
    process-warning "^4.0.0"
    quick-format-unescaped "^4.0.3"
    real-require "^0.2.0"
    safe-stable-stringify "^2.3.1"
    sonic-boom "^4.0.1"
    thread-stream "^3.0.0"

process-warning@^4.0.0:
  version "4.0.1"
  resolved "https://registry.yarnpkg.com/process-warning/-/process-warning-4.0.1.tgz#5c1db66007c67c756e4e09eb170cdece15da32fb"
  integrity sha512-3c2LzQ3rY9d0hc1emcsHhfT9Jwz0cChib/QN89oME2R451w5fy3f0afAhERFZAwrbDU43wk12d0ORBpDVME50Q==

process@^0.11.1:
  version "0.11.10"
  resolved "https://registry.yarnpkg.com/process/-/process-0.11.10.tgz#7332300e840161bda3e69a1d1d91a7d4bc16f182"
  integrity sha512-cdGef/drWFoydD1JsMzuFf8100nZl+GT+yacc2bEced5f9Rjk4z+WtFUTBu9PhOi9j/jfmBPu0mMEY4wIdAF8A==

punycode@^2.3.1:
  version "2.3.1"
  resolved "https://registry.yarnpkg.com/punycode/-/punycode-2.3.1.tgz#027422e2faec0b25e1549c3e1bd8309b9133b6e5"
  integrity sha512-vYt7UD1U9Wg6138shLtLOvdAu+8DsC/ilFtEVHcH+wydcSpNE20AfSOduf6MkRFahL5FY7X1oU7nKVZFtfq8Fg==

quick-format-unescaped@^4.0.3:
  version "4.0.4"
  resolved "https://registry.yarnpkg.com/quick-format-unescaped/-/quick-format-unescaped-4.0.4.tgz#93ef6dd8d3453cbc7970dd614fad4c5954d6b5a7"
  integrity sha512-tYC1Q1hgyRuHgloV/YXs2w15unPVh8qfu/qCTfhTYamaw7fyhumKa2yGpdSo87vY32rIclj+4fWYQXUMs9EHvg==

real-require@^0.2.0:
  version "0.2.0"
  resolved "https://registry.yarnpkg.com/real-require/-/real-require-0.2.0.tgz#209632dea1810be2ae063a6ac084fee7e33fba78"
  integrity sha512-57frrGM/OCTLqLOAh0mhVA9VBMHd+9U7Zb2THMGdBUoZVOtGbJzjxsYGDJ3A9AYYCP4hn6y1TVbaOfzWtm5GFg==

require-from-string@^2.0.2:
  version "2.0.2"
  resolved "https://registry.yarnpkg.com/require-from-string/-/require-from-string-2.0.2.tgz#89a7fdd938261267318eafe14f9c32e598c36909"
  integrity sha512-Xf0nWe6RseziFMu+Ap9biiUbmplq6S9/p+7w7YXP/JBHhrUDDUhwa+vANyubuqfZWTveU//DYVGsDG7RKL/vEw==

ret@~0.5.0:
  version "0.5.0"
  resolved "https://registry.yarnpkg.com/ret/-/ret-0.5.0.tgz#30a4d38a7e704bd96dc5ffcbe7ce2a9274c41c95"
  integrity sha512-I1XxrZSQ+oErkRR4jYbAyEEu2I0avBvvMM5JN+6EBprOGRCs63ENqZ3vjavq8fBw2+62G5LF5XelKwuJpcvcxw==

reusify@^1.0.0, reusify@^1.0.4:
  version "1.0.4"
  resolved "https://registry.yarnpkg.com/reusify/-/reusify-1.0.4.tgz#90da382b1e126efc02146e90845a88db12925d76"
  integrity sha512-U9nH88a3fc/ekCF1l0/UP1IosiuIjyTh7hBvXVMHYgVcfGvt897Xguj2UOLDeI5BG2m7/uwyaLVT6fbtCwTyzw==

rfdc@^1.1.4, rfdc@^1.2.0, rfdc@^1.3.1:
  version "1.4.1"
  resolved "https://registry.yarnpkg.com/rfdc/-/rfdc-1.4.1.tgz#778f76c4fb731d93414e8f925fbecf64cce7f6ca"
  integrity sha512-q1b3N5QkRUWUl7iyylaaj3kOpIT0N2i9MqIEQXP73GVsN9cw3fdx8X63cEmWhJGi2PPCF23Ijp7ktmd39rawIA==

safe-buffer@5.2.1, safe-buffer@^5.0.1:
  version "5.2.1"
  resolved "https://registry.yarnpkg.com/safe-buffer/-/safe-buffer-5.2.1.tgz#1eaf9fa9bdb1fdd4ec75f58f9cdb4e6b7827eec6"
  integrity sha512-rp3So07KcdmmKbGvgaNxQSJr7bGVSVk5S9Eq1F+ppbRo70+YeaDxkw5Dd8NPN+GD6bjnYm2VuPuCXmpuYvmCXQ==

safe-regex2@^4.0.0:
  version "4.0.1"
  resolved "https://registry.yarnpkg.com/safe-regex2/-/safe-regex2-4.0.1.tgz#b0a4b0216c1dd0256af987b7aea473e1c91543a8"
  integrity sha512-goqsB+bSlOmVX+CiFX2PFc1OV88j5jvBqIM+DgqrucHnUguAUNtiNOs+aTadq2NqsLQ+TQ3UEVG3gtSFcdlkCg==
  dependencies:
    ret "~0.5.0"

safe-stable-stringify@^2.3.1:
  version "2.5.0"
  resolved "https://registry.yarnpkg.com/safe-stable-stringify/-/safe-stable-stringify-2.5.0.tgz#4ca2f8e385f2831c432a719b108a3bf7af42a1dd"
  integrity sha512-b3rppTKm9T+PsVCBEOUR46GWI7fdOs00VKZ1+9c1EWDaDMvjQc6tUwuFyIprgGgTcWoVHSKrU8H31ZHA2e0RHA==

safer-buffer@^2.1.0:
  version "2.1.2"
  resolved "https://registry.yarnpkg.com/safer-buffer/-/safer-buffer-2.1.2.tgz#44fa161b0187b9549dd84bb91802f9bd8385cd6a"
  integrity sha512-YZo3K82SD7Riyi0E1EQPojLz7kpepnSQI9IyPbHHg1XXXevb5dJI7tpyN2ADxGcQbHG7vcyRHk0cbwqcQriUtg==

secure-json-parse@^3.0.1:
  version "3.0.2"
  resolved "https://registry.yarnpkg.com/secure-json-parse/-/secure-json-parse-3.0.2.tgz#255b03bb0627ba5805f64f384b0a7691d8cb021b"
  integrity sha512-H6nS2o8bWfpFEV6U38sOSjS7bTbdgbCGU9wEM6W14P5H0QOsz94KCusifV44GpHDTu2nqZbuDNhTzu+mjDSw1w==

semver@^7.6.0:
  version "7.7.0"
  resolved "https://registry.yarnpkg.com/semver/-/semver-7.7.0.tgz#9c6fe61d0c6f9fa9e26575162ee5a9180361b09c"
  integrity sha512-DrfFnPzblFmNrIZzg5RzHegbiRWg7KMR7btwi2yjHwx06zsUbO5g613sVwEV7FTwmzJu+Io0lJe2GJ3LxqpvBQ==

set-cookie-parser@^2.6.0:
  version "2.7.1"
  resolved "https://registry.yarnpkg.com/set-cookie-parser/-/set-cookie-parser-2.7.1.tgz#3016f150072202dfbe90fadee053573cc89d2943"
  integrity sha512-IOc8uWeOZgnb3ptbCURJWNjWUPcO3ZnTTdzsurqERrP6nPyv+paC55vJM0LpOlT2ne+Ix+9+CRG1MNLlyZ4GjQ==

setprototypeof@1.2.0:
  version "1.2.0"
  resolved "https://registry.yarnpkg.com/setprototypeof/-/setprototypeof-1.2.0.tgz#66c9a24a73f9fc28cbe66b09fed3d33dcaf1b424"
  integrity sha512-E5LDX7Wrp85Kil5bhZv46j8jOeboKq5JMmYM3gVGdGH8xFpPWXUMsNrlODCrkoxMEeNi/XZIwuRvY4XNwYMJpw==

shebang-command@^2.0.0:
  version "2.0.0"
  resolved "https://registry.yarnpkg.com/shebang-command/-/shebang-command-2.0.0.tgz#ccd0af4f8835fbdc265b82461aaf0c36663f34ea"
  integrity sha512-kHxr2zZpYtdmrN1qDjrrX/Z1rR1kG8Dx+gkpK1G4eXmvXswmcE1hTWBWYUzlraYw1/yZp6YuDY77YtvbN0dmDA==
  dependencies:
    shebang-regex "^3.0.0"

shebang-regex@^3.0.0:
  version "3.0.0"
  resolved "https://registry.yarnpkg.com/shebang-regex/-/shebang-regex-3.0.0.tgz#ae16f1644d873ecad843b0307b143362d4c42172"
  integrity sha512-7++dFhtcx3353uBaq8DDR4NuxBetBzC7ZQOhmTQInHEd6bSrXdiEyzCvG07Z44UYdLShWUyXt5M/yhz8ekcb1A==

sift@17.1.3:
  version "17.1.3"
  resolved "https://registry.yarnpkg.com/sift/-/sift-17.1.3.tgz#9d2000d4d41586880b0079b5183d839c7a142bf7"
  integrity sha512-Rtlj66/b0ICeFzYTuNvX/EF1igRbbnGSvEyT79McoZa/DeGhMyC5pWKOEsZKnpkqtSeovd5FL/bjHWC3CIIvCQ==

signal-exit@^4.0.1:
  version "4.1.0"
  resolved "https://registry.yarnpkg.com/signal-exit/-/signal-exit-4.1.0.tgz#952188c1cbd546070e2dd20d0f41c0ae0530cb04"
  integrity sha512-bzyZ1e88w9O1iNJbKnOlvYTrWPDl46O1bG0D3XInv+9tkPrxrN8jUUTiFlDkkmKWgn1M6CfIA13SuGqOa9Korw==

sonic-boom@^4.0.1:
  version "4.2.0"
  resolved "https://registry.yarnpkg.com/sonic-boom/-/sonic-boom-4.2.0.tgz#e59a525f831210fa4ef1896428338641ac1c124d"
  integrity sha512-INb7TM37/mAcsGmc9hyyI6+QR3rR1zVRu36B0NeGXKnOOLiZOfER5SA+N7X7k3yUYRzLWafduTDvJAfDswwEww==
  dependencies:
    atomic-sleep "^1.0.0"

sparse-bitfield@^3.0.3:
  version "3.0.3"
  resolved "https://registry.yarnpkg.com/sparse-bitfield/-/sparse-bitfield-3.0.3.tgz#ff4ae6e68656056ba4b3e792ab3334d38273ca11"
  integrity sha512-kvzhi7vqKTfkh0PZU+2D2PIllw2ymqJKujUcyPMd9Y75Nv4nPbGJZXNhxsgdQab2BmlDct1YnfQCguEvHr7VsQ==
  dependencies:
    memory-pager "^1.0.2"

split2@^4.0.0:
  version "4.2.0"
  resolved "https://registry.yarnpkg.com/split2/-/split2-4.2.0.tgz#c9c5920904d148bab0b9f67145f245a86aadbfa4"
  integrity sha512-UcjcJOWknrNkF6PLX83qcHM6KHgVKNkV62Y8a5uYDVv9ydGQVwAHMKqHdJje1VTWpljG0WYpCDhrCdAOYH4TWg==

statuses@2.0.1:
  version "2.0.1"
  resolved "https://registry.yarnpkg.com/statuses/-/statuses-2.0.1.tgz#55cb000ccf1d48728bd23c685a063998cf1a1b63"
  integrity sha512-RwNA9Z/7PrK06rYLIzFMlaF+l73iwpzsqRIFgbMLbTcLD6cOao82TaWefPXQvB2fOC4AjuYSEndS7N/mTCbkdQ==

steed@^1.1.3:
  version "1.1.3"
  resolved "https://registry.yarnpkg.com/steed/-/steed-1.1.3.tgz#f1525dd5adb12eb21bf74749537668d625b9abc5"
  integrity sha512-EUkci0FAUiE4IvGTSKcDJIQ/eRUP2JJb56+fvZ4sdnguLTqIdKjSxUe138poW8mkvKWXW2sFPrgTsxqoISnmoA==
  dependencies:
    fastfall "^1.5.0"
    fastparallel "^2.2.0"
    fastq "^1.3.0"
    fastseries "^1.7.0"
    reusify "^1.0.0"

"string-width-cjs@npm:string-width@^4.2.0":
  version "4.2.3"
  resolved "https://registry.yarnpkg.com/string-width/-/string-width-4.2.3.tgz#269c7117d27b05ad2e536830a8ec895ef9c6d010"
  integrity sha512-wKyQRQpjJ0sIp62ErSZdGsjMJWsap5oRNihHhu6G7JVO/9jIB6UyevL+tXuOqrng8j/cxKTWyWUwvSTriiZz/g==
  dependencies:
    emoji-regex "^8.0.0"
    is-fullwidth-code-point "^3.0.0"
    strip-ansi "^6.0.1"

string-width@^4.1.0:
  version "4.2.3"
  resolved "https://registry.yarnpkg.com/string-width/-/string-width-4.2.3.tgz#269c7117d27b05ad2e536830a8ec895ef9c6d010"
  integrity sha512-wKyQRQpjJ0sIp62ErSZdGsjMJWsap5oRNihHhu6G7JVO/9jIB6UyevL+tXuOqrng8j/cxKTWyWUwvSTriiZz/g==
  dependencies:
    emoji-regex "^8.0.0"
    is-fullwidth-code-point "^3.0.0"
    strip-ansi "^6.0.1"

string-width@^5.0.1, string-width@^5.1.2:
  version "5.1.2"
  resolved "https://registry.yarnpkg.com/string-width/-/string-width-5.1.2.tgz#14f8daec6d81e7221d2a357e668cab73bdbca794"
  integrity sha512-HnLOCR3vjcY8beoNLtcjZ5/nxn2afmME6lhrDrebokqMap+XbeW8n9TXpPDOqdGK5qcI3oT0GKTW6wC7EMiVqA==
  dependencies:
    eastasianwidth "^0.2.0"
    emoji-regex "^9.2.2"
    strip-ansi "^7.0.1"

"strip-ansi-cjs@npm:strip-ansi@^6.0.1":
  version "6.0.1"
  resolved "https://registry.yarnpkg.com/strip-ansi/-/strip-ansi-6.0.1.tgz#9e26c63d30f53443e9489495b2105d37b67a85d9"
  integrity sha512-Y38VPSHcqkFrCpFnQ9vuSXmquuv5oXOKpGeT6aGrr3o3Gc9AlVa6JBfUSOCnbxGGZF+/0ooI7KrPuUSztUdU5A==
  dependencies:
    ansi-regex "^5.0.1"

strip-ansi@^6.0.0, strip-ansi@^6.0.1:
  version "6.0.1"
  resolved "https://registry.yarnpkg.com/strip-ansi/-/strip-ansi-6.0.1.tgz#9e26c63d30f53443e9489495b2105d37b67a85d9"
  integrity sha512-Y38VPSHcqkFrCpFnQ9vuSXmquuv5oXOKpGeT6aGrr3o3Gc9AlVa6JBfUSOCnbxGGZF+/0ooI7KrPuUSztUdU5A==
  dependencies:
    ansi-regex "^5.0.1"

strip-ansi@^7.0.1:
  version "7.1.0"
  resolved "https://registry.yarnpkg.com/strip-ansi/-/strip-ansi-7.1.0.tgz#d5b6568ca689d8561370b0707685d22434faff45"
  integrity sha512-iq6eVVI64nQQTRYq2KtEg2d2uU7LElhTJwsH4YzIHZshxlgZms/wIc4VoDQTlG/IvVIrBKG06CrZnp0qv7hkcQ==
  dependencies:
    ansi-regex "^6.0.1"

thread-stream@^3.0.0:
  version "3.1.0"
  resolved "https://registry.yarnpkg.com/thread-stream/-/thread-stream-3.1.0.tgz#4b2ef252a7c215064507d4ef70c05a5e2d34c4f1"
  integrity sha512-OqyPZ9u96VohAyMfJykzmivOrY2wfMSf3C5TtFJVgN+Hm6aj+voFhlK+kZEIv2FBh1X6Xp3DlnCOfEQ3B2J86A==
  dependencies:
    real-require "^0.2.0"

toad-cache@^3.7.0:
  version "3.7.0"
  resolved "https://registry.yarnpkg.com/toad-cache/-/toad-cache-3.7.0.tgz#b9b63304ea7c45ec34d91f1d2fa513517025c441"
  integrity sha512-/m8M+2BJUpoJdgAHoG+baCwBT+tf2VraSfkBgl0Y00qIWt41DJ8R5B8nsEw0I58YwF5IZH6z24/2TobDKnqSWw==

toidentifier@1.0.1:
  version "1.0.1"
  resolved "https://registry.yarnpkg.com/toidentifier/-/toidentifier-1.0.1.tgz#3be34321a88a820ed1bd80dfaa33e479fbb8dd35"
  integrity sha512-o5sSPKEkg/DIQNmH43V0/uerLrpzVedkUh8tGNvaeXpfpuwjKenlSox/2O/BTlZUtEe+JG7s5YhEz608PlAHRA==

tr46@^5.0.0:
  version "5.0.0"
  resolved "https://registry.yarnpkg.com/tr46/-/tr46-5.0.0.tgz#3b46d583613ec7283020d79019f1335723801cec"
  integrity sha512-tk2G5R2KRwBd+ZN0zaEXpmzdKyOYksXwywulIX95MBODjSzMIuQnQ3m8JxgbhnL1LeVo7lqQKsYa1O3Htl7K5g==
  dependencies:
    punycode "^2.3.1"

util@^0.10.3:
  version "0.10.4"
  resolved "https://registry.yarnpkg.com/util/-/util-0.10.4.tgz#3aa0125bfe668a4672de58857d3ace27ecb76901"
  integrity sha512-0Pm9hTQ3se5ll1XihRic3FDIku70C+iHUdT/W926rSgHV5QgXsYbKZN8MSC3tJtSkhuROzvsQjAaFENRXr+19A==
  dependencies:
    inherits "2.0.3"

v8-compile-cache@^2.4.0:
  version "2.4.0"
  resolved "https://registry.yarnpkg.com/v8-compile-cache/-/v8-compile-cache-2.4.0.tgz#cdada8bec61e15865f05d097c5f4fd30e94dc128"
  integrity sha512-ocyWc3bAHBB/guyqJQVI5o4BZkPhznPYUG2ea80Gond/BgNWpap8TOmLSeeQG7bnh2KMISxskdADG59j7zruhw==

webidl-conversions@^7.0.0:
  version "7.0.0"
  resolved "https://registry.yarnpkg.com/webidl-conversions/-/webidl-conversions-7.0.0.tgz#256b4e1882be7debbf01d05f0aa2039778ea080a"
  integrity sha512-VwddBukDzu71offAQR975unBIGqfKZpM+8ZX6ySk8nYhVoo5CYaZyzt3YBvYtRtO+aoGlqxPg/B87NGVZ/fu6g==

"whatwg-url@^14.1.0 || ^13.0.0":
  version "14.1.0"
  resolved "https://registry.yarnpkg.com/whatwg-url/-/whatwg-url-14.1.0.tgz#fffebec86cc8e6c2a657e50dc606207b870f0ab3"
  integrity sha512-jlf/foYIKywAt3x/XWKZ/3rz8OSJPiWktjmk891alJUEjiVxKX9LEO92qH3hv4aJ0mN3MWPvGMCy8jQi95xK4w==
  dependencies:
    tr46 "^5.0.0"
    webidl-conversions "^7.0.0"

which@^2.0.1:
  version "2.0.2"
  resolved "https://registry.yarnpkg.com/which/-/which-2.0.2.tgz#7c6a8dd0a636a0327e10b59c9286eee93f3f51b1"
  integrity sha512-BLI3Tl1TW3Pvl70l3yq3Y64i+awpwXqsGBYWkkqMtnbXgrMD+yj7rhW0kuEDxzJaYXGjEW5ogapKNMEKNMjibA==
  dependencies:
    isexe "^2.0.0"

"wrap-ansi-cjs@npm:wrap-ansi@^7.0.0":
  version "7.0.0"
  resolved "https://registry.yarnpkg.com/wrap-ansi/-/wrap-ansi-7.0.0.tgz#67e145cff510a6a6984bdf1152911d69d2eb9e43"
  integrity sha512-YVGIj2kamLSTxw6NsZjoBxfSwsn0ycdesmc4p+Q21c5zPuZ1pl+NfxVdxPtdHvmNVOQ6XSYG4AUtyt/Fi7D16Q==
  dependencies:
    ansi-styles "^4.0.0"
    string-width "^4.1.0"
    strip-ansi "^6.0.0"

wrap-ansi@^8.1.0:
  version "8.1.0"
  resolved "https://registry.yarnpkg.com/wrap-ansi/-/wrap-ansi-8.1.0.tgz#56dc22368ee570face1b49819975d9b9a5ead214"
  integrity sha512-si7QWI6zUMq56bESFvagtmzMdGOtoxfR+Sez11Mobfc7tm+VkUckk9bW2UeffTGVUbOksxmSw0AA2gs8g71NCQ==
  dependencies:
    ansi-styles "^6.1.0"
    string-width "^5.0.1"
    strip-ansi "^7.0.1"

xtend@^4.0.0, xtend@^4.0.2:
  version "4.0.2"
  resolved "https://registry.yarnpkg.com/xtend/-/xtend-4.0.2.tgz#bb72779f5fa465186b1f438f674fa347fdb5db54"
  integrity sha512-LKYU1iAXJXUgAXn9URjiu+MWhyUXHsvfp7mcuYm9dSUKK0/CjtrUwFAxD82/mCWbtLsGjFIad0wIsod4zrTAEQ==

yaml@^2.4.1, yaml@^2.4.2:
  version "2.7.0"
  resolved "https://registry.yarnpkg.com/yaml/-/yaml-2.7.0.tgz#aef9bb617a64c937a9a748803786ad8d3ffe1e98"
  integrity sha512-+hSoy/QHluxmC9kCIJyL/uyFmLmc+e5CFR5Wa+bpIhIj85LVb9ZH2nVnqrHoSvKogwODv0ClqZkmiSSaIH5LTA==
